
Microsoft Visual Studio Solution File, Format Version 12.00
# Visual Studio Version 16
VisualStudioVersion = 16.0.30804.86
MinimumVisualStudioVersion = 10.0.40219.1
Project("{FAE04EC0-301F-11D3-BF4B-00C04F79EFBC}") = "Argentum", "Argentum.csproj", "{F339B9D5-7C55-4CE6-8BE9-E0D805540FC5}"
EndProject
Global
	GlobalSection(SolutionConfigurationPlatforms) = preSolution
		Debug|Any CPU = Debug|Any CPU
		Release|Any CPU = Release|Any CPU
	EndGlobalSection
	GlobalSection(ProjectConfigurationPlatforms) = postSolution
		{F339B9D5-7C55-4CE6-8BE9-E0D805540FC5}.Debug|Any CPU.ActiveCfg = Debug|Any CPU
		{F339B9D5-7C55-4CE6-8BE9-E0D805540FC5}.Debug|Any CPU.Build.0 = Debug|Any CPU
		{F339B9D5-7C55-4CE6-8BE9-E0D805540FC5}.Release|Any CPU.ActiveCfg = Release|Any CPU
		{F339B9D5-7C55-4CE6-8BE9-E0D805540FC5}.Release|Any CPU.Build.0 = Release|Any CPU
	EndGlobalSection
	GlobalSection(SolutionProperties) = preSolution
		HideSolutionNode = FALSE
	EndGlobalSection
	GlobalSection(ExtensibilityGlobals) = postSolution
		SolutionGuid = {CC0A1D1B-A460-4A8C-A9D7-CD971B050802}
	EndGlobalSection
EndGlobal
